Microsoft Visual Studio Solution File, Format Version 12.00
# Visual Studio Version 17
VisualStudioVersion = 17.5.2.0
MinimumVisualStudioVersion = 10.0.40219.1
Project("{FAE04EC0-301F-11D3-BF4B-00C04F79EFBC}") = "SimpleNotesApp", "SimpleNotesApp.csproj", "{FD276B6B-922E-F33E-4EC4-BBAA3EBAFA6C}"
EndProject
Global
	GlobalSection(SolutionConfigurationPlatforms) = preSolution
		Debug|Any CPU = Debug|Any CPU
		Release|Any CPU = Release|Any CPU
	EndGlobalSection
	GlobalSection(ProjectConfigurationPlatforms) = postSolution
		{FD276B6B-922E-F33E-4EC4-BBAA3EBAFA6C}.Debug|Any CPU.ActiveCfg = Debug|Any CPU
		{FD276B6B-922E-F33E-4EC4-BBAA3EBAFA6C}.Debug|Any CPU.Build.0 = Debug|Any CPU
		{FD276B6B-922E-F33E-4EC4-BBAA3EBAFA6C}.Release|Any CPU.ActiveCfg = Release|Any CPU
		{FD276B6B-922E-F33E-4EC4-BBAA3EBAFA6C}.Release|Any CPU.Build.0 = Release|Any CPU
	EndGlobalSection
	GlobalSection(SolutionProperties) = preSolution
		HideSolutionNode = FALSE
	EndGlobalSection
	GlobalSection(ExtensibilityGlobals) = postSolution
		SolutionGuid = {884D27E2-6E3B-403C-85ED-80C2FF3F4F45}
	EndGlobalSection
EndGlobal
